<?xml version="1.0" encoding="utf-8"?>
<Project ToolsVersion="4.0" xmlns="http://schemas.microsoft.com/developer/msbuild/2003">
  <ItemGroup>
    <Filter Include="Source Files">
      <UniqueIdentifier>{4FC737F1-C7A5-4376-A066-2A32D752A2FF}</UniqueIdentifier>
      <Extensions>cpp;c;cc;cxx;def;odl;idl;hpj;bat;asm;asmx</Extensions>
    </Filter>
    <Filter Include="Header Files">
      <UniqueIdentifier>{93995380-89BD-4b04-88EB-625FBE52EBFB}</UniqueIdentifier>
      <Extensions>h;hh;hpp;hxx;hm;inl;inc;xsd</Extensions>
    </Filter>
    <Filter Include="Resource Files">
      <UniqueIdentifier>{67DA6AB6-F800-4c08-8B7A-83BB121AAD01}</UniqueIdentifier>
      <Extensions>rc;ico;cur;bmp;dlg;rc2;rct;bin;rgs;gif;jpg;jpeg;jpe;resx;tiff;tif;png;wav;mfcribbon-ms</Extensions>
    </Filter>
  </ItemGroup>
  <ItemGroup>
    <None Include="LoRa_Roll_Film.ino" />
  </ItemGroup>
  <ItemGroup>
    <ClInclude Include="__vm\.LoRa_Roll_Film.vsarduino.h">
      <Filter>Header Files</Filter>
    </ClInclude>
    <ClInclude Include="AT24CXX.h">
      <Filter>Header Files</Filter>
    </ClInclude>
    <ClInclude Include="BCD_CON.h">
      <Filter>Header Files</Filter>
    </ClInclude>
    <ClInclude Include="Command_Analysis.h">
      <Filter>Header Files</Filter>
    </ClInclude>
    <ClInclude Include="fun_periph.h">
      <Filter>Header Files</Filter>
    </ClInclude>
    <ClInclude Include="i2c.h">
      <Filter>Header Files</Filter>
    </ClInclude>
    <ClInclude Include="IAP.h">
      <Filter>Header Files</Filter>
    </ClInclude>
    <ClInclude Include="LoRa.h">
      <Filter>Header Files</Filter>
    </ClInclude>
    <ClInclude Include="Memory.h">
      <Filter>Header Files</Filter>
    </ClInclude>
    <ClInclude Include="MODBUS_RTU_CRC16.h">
      <Filter>Header Files</Filter>
    </ClInclude>
    <ClInclude Include="Motor.h">
      <Filter>Header Files</Filter>
    </ClInclude>
    <ClInclude Include="Private_RTC.h">
      <Filter>Header Files</Filter>
    </ClInclude>
    <ClInclude Include="Private_Timer.h">
      <Filter>Header Files</Filter>
    </ClInclude>
    <ClInclude Include="public.h">
      <Filter>Header Files</Filter>
    </ClInclude>
    <ClInclude Include="receipt.h">
      <Filter>Header Files</Filter>
    </ClInclude>
    <ClInclude Include="Security.h">
      <Filter>Header Files</Filter>
    </ClInclude>
    <ClInclude Include="User_Clock.h">
      <Filter>Header Files</Filter>
    </ClInclude>
    <ClInclude Include="User_CRC8.h">
      <Filter>Header Files</Filter>
    </ClInclude>
  </ItemGroup>
  <ItemGroup>
    <ClCompile Include="AT24CXX.cpp">
      <Filter>Source Files</Filter>
    </ClCompile>
    <ClCompile Include="BCD_CON.cpp">
      <Filter>Source Files</Filter>
    </ClCompile>
    <ClCompile Include="Command_Analysis.cpp">
      <Filter>Source Files</Filter>
    </ClCompile>
    <ClCompile Include="fun_periph.cpp">
      <Filter>Source Files</Filter>
    </ClCompile>
    <ClCompile Include="i2c.cpp">
      <Filter>Source Files</Filter>
    </ClCompile>
    <ClCompile Include="IAP.cpp">
      <Filter>Source Files</Filter>
    </ClCompile>
    <ClCompile Include="LoRa.cpp">
      <Filter>Source Files</Filter>
    </ClCompile>
    <ClCompile Include="Memory.cpp">
      <Filter>Source Files</Filter>
    </ClCompile>
    <ClCompile Include="Motor.cpp">
      <Filter>Source Files</Filter>
    </ClCompile>
    <ClCompile Include="Private_RTC.cpp">
      <Filter>Source Files</Filter>
    </ClCompile>
    <ClCompile Include="Private_Timer.cpp">
      <Filter>Source Files</Filter>
    </ClCompile>
    <ClCompile Include="public.cpp">
      <Filter>Source Files</Filter>
    </ClCompile>
    <ClCompile Include="receipt.cpp">
      <Filter>Source Files</Filter>
    </ClCompile>
    <ClCompile Include="Security.cpp">
      <Filter>Source Files</Filter>
    </ClCompile>
    <ClCompile Include="User_Clock.c">
      <Filter>Source Files</Filter>
    </ClCompile>
    <ClCompile Include="User_CRC8.cpp">
      <Filter>Source Files</Filter>
    </ClCompile>
  </ItemGroup>
</Project>